Microsoft Visual Studio Solution File, Format Version 11.00
# Visual Studio 2008

Project("{00F9C497-B558-D078-94F3-7BC14D04E5CB}") = "vgp333_GeoffGroos_a3_v3", "Assembly-CSharp-firstpass.csproj", "{38EDF126-AC74-0524-0FF8-BB8D3C3275E3}"
EndProject
Project("{00F9C497-B558-D078-94F3-7BC14D04E5CB}") = "vgp333_GeoffGroos_a3_v3", "Assembly-CSharp.csproj", "{22EC44BD-40CF-D8B8-9673-05A95A2544FD}"
EndProject
Project("{00F9C497-B558-D078-94F3-7BC14D04E5CB}") = "vgp333_GeoffGroos_a3_v3", "Assembly-UnityScript-firstpass.unityproj", "{AF1B0863-DDF2-5BE0-A930-0FC6CFD4D34D}"
EndProject
Global
	GlobalSection(SolutionConfigurationPlatforms) = preSolution
		Debug|Any CPU = Debug|Any CPU
		Release|Any CPU = Release|Any CPU
	EndGlobalSection
	GlobalSection(ProjectConfigurationPlatforms) = postSolution
		{38EDF126-AC74-0524-0FF8-BB8D3C3275E3}.Debug|Any CPU.ActiveCfg = Debug|Any CPU
		{38EDF126-AC74-0524-0FF8-BB8D3C3275E3}.Debug|Any CPU.Build.0 = Debug|Any CPU
		{38EDF126-AC74-0524-0FF8-BB8D3C3275E3}.Release|Any CPU.ActiveCfg = Release|Any CPU
		{38EDF126-AC74-0524-0FF8-BB8D3C3275E3}.Release|Any CPU.Build.0 = Release|Any CPU
		{22EC44BD-40CF-D8B8-9673-05A95A2544FD}.Debug|Any CPU.ActiveCfg = Debug|Any CPU
		{22EC44BD-40CF-D8B8-9673-05A95A2544FD}.Debug|Any CPU.Build.0 = Debug|Any CPU
		{22EC44BD-40CF-D8B8-9673-05A95A2544FD}.Release|Any CPU.ActiveCfg = Release|Any CPU
		{22EC44BD-40CF-D8B8-9673-05A95A2544FD}.Release|Any CPU.Build.0 = Release|Any CPU
		{AF1B0863-DDF2-5BE0-A930-0FC6CFD4D34D}.Debug|Any CPU.ActiveCfg = Debug|Any CPU
		{AF1B0863-DDF2-5BE0-A930-0FC6CFD4D34D}.Debug|Any CPU.Build.0 = Debug|Any CPU
		{AF1B0863-DDF2-5BE0-A930-0FC6CFD4D34D}.Release|Any CPU.ActiveCfg = Release|Any CPU
		{AF1B0863-DDF2-5BE0-A930-0FC6CFD4D34D}.Release|Any CPU.Build.0 = Release|Any CPU
	EndGlobalSection
	GlobalSection(SolutionProperties) = preSolution
		HideSolutionNode = FALSE
	EndGlobalSection
		GlobalSection(MonoDevelopProperties) = preSolution
		StartupItem = Assembly-CSharp.csproj
		Policies = $0
		$0.TextStylePolicy = $1
		$1.inheritsSet = null
		$1.scope = text/x-csharp
		$0.CSharpFormattingPolicy = $2
		$2.inheritsSet = Mono
		$2.inheritsScope = text/x-csharp
		$2.scope = text/x-csharp
		$0.TextStylePolicy = $3
		$3.FileWidth = 120
		$3.TabWidth = 4
		$3.EolMarker = Unix
		$3.inheritsSet = Mono
		$3.inheritsScope = text/plain
		$3.scope = text/plain
	EndGlobalSection

EndGlobal
